
Microsoft Visual Studio Solution File, Format Version 12.00
# Visual Studio 15
Project("{FAE04EC0-301F-11D3-BF4B-00C04F79EFBC}") = "GoogleMobileAds", "GoogleMobileAds.csproj", "{742BD91F-4E62-CF33-5D21-886CF8A37FC2}"
EndProject
Project("{FAE04EC0-301F-11D3-BF4B-00C04F79EFBC}") = "Assembly-CSharp-firstpass", "Assembly-CSharp-firstpass.csproj", "{A8A8662D-32F0-A9A5-09A5-7BD2BC1EA137}"
EndProject
Project("{FAE04EC0-301F-11D3-BF4B-00C04F79EFBC}") = "Assembly-CSharp", "Assembly-CSharp.csproj", "{4E948BD2-4E3B-7E09-E1CA-0CCC63248509}"
EndProject
Project("{FAE04EC0-301F-11D3-BF4B-00C04F79EFBC}") = "MaxSdk.Scripts", "MaxSdk.Scripts.csproj", "{C1404E18-58CE-F1C4-9054-1D7F77ABCA36}"
EndProject
Project("{FAE04EC0-301F-11D3-BF4B-00C04F79EFBC}") = "Assembly-CSharp-Editor", "Assembly-CSharp-Editor.csproj", "{FA3E862A-21DE-9A89-AD6F-519D2A08EBB9}"
EndProject
Project("{FAE04EC0-301F-11D3-BF4B-00C04F79EFBC}") = "GoogleMobileAds.Editor", "GoogleMobileAds.Editor.csproj", "{B404DD60-2049-5BD8-A20D-4287F474BF9B}"
EndProject
Project("{FAE04EC0-301F-11D3-BF4B-00C04F79EFBC}") = "MaxSdk.Scripts.IntegrationManager.Editor", "MaxSdk.Scripts.IntegrationManager.Editor.csproj", "{CF26368A-7964-B725-6BF3-D1805741595B}"
EndProject
Project("{FAE04EC0-301F-11D3-BF4B-00C04F79EFBC}") = "MaxSdk.Scripts.Editor", "MaxSdk.Scripts.Editor.csproj", "{BAF6E58F-0981-6A72-E502-91F215D1BC2C}"
EndProject
Global
	GlobalSection(SolutionConfigurationPlatforms) = preSolution
		Debug|Any CPU = Debug|Any CPU
		Release|Any CPU = Release|Any CPU
	EndGlobalSection
	GlobalSection(ProjectConfigurationPlatforms) = postSolution
		{742BD91F-4E62-CF33-5D21-886CF8A37FC2}.Debug|Any CPU.ActiveCfg = Debug|Any CPU
		{742BD91F-4E62-CF33-5D21-886CF8A37FC2}.Debug|Any CPU.Build.0 = Debug|Any CPU
		{742BD91F-4E62-CF33-5D21-886CF8A37FC2}.Release|Any CPU.ActiveCfg = Release|Any CPU
		{742BD91F-4E62-CF33-5D21-886CF8A37FC2}.Release|Any CPU.Build.0 = Release|Any CPU
		{A8A8662D-32F0-A9A5-09A5-7BD2BC1EA137}.Debug|Any CPU.ActiveCfg = Debug|Any CPU
		{A8A8662D-32F0-A9A5-09A5-7BD2BC1EA137}.Debug|Any CPU.Build.0 = Debug|Any CPU
		{A8A8662D-32F0-A9A5-09A5-7BD2BC1EA137}.Release|Any CPU.ActiveCfg = Release|Any CPU
		{A8A8662D-32F0-A9A5-09A5-7BD2BC1EA137}.Release|Any CPU.Build.0 = Release|Any CPU
		{4E948BD2-4E3B-7E09-E1CA-0CCC63248509}.Debug|Any CPU.ActiveCfg = Debug|Any CPU
		{4E948BD2-4E3B-7E09-E1CA-0CCC63248509}.Debug|Any CPU.Build.0 = Debug|Any CPU
		{4E948BD2-4E3B-7E09-E1CA-0CCC63248509}.Release|Any CPU.ActiveCfg = Release|Any CPU
		{4E948BD2-4E3B-7E09-E1CA-0CCC63248509}.Release|Any CPU.Build.0 = Release|Any CPU
		{C1404E18-58CE-F1C4-9054-1D7F77ABCA36}.Debug|Any CPU.ActiveCfg = Debug|Any CPU
		{C1404E18-58CE-F1C4-9054-1D7F77ABCA36}.Debug|Any CPU.Build.0 = Debug|Any CPU
		{C1404E18-58CE-F1C4-9054-1D7F77ABCA36}.Release|Any CPU.ActiveCfg = Release|Any CPU
		{C1404E18-58CE-F1C4-9054-1D7F77ABCA36}.Release|Any CPU.Build.0 = Release|Any CPU
		{FA3E862A-21DE-9A89-AD6F-519D2A08EBB9}.Debug|Any CPU.ActiveCfg = Debug|Any CPU
		{FA3E862A-21DE-9A89-AD6F-519D2A08EBB9}.Debug|Any CPU.Build.0 = Debug|Any CPU
		{FA3E862A-21DE-9A89-AD6F-519D2A08EBB9}.Release|Any CPU.ActiveCfg = Release|Any CPU
		{FA3E862A-21DE-9A89-AD6F-519D2A08EBB9}.Release|Any CPU.Build.0 = Release|Any CPU
		{B404DD60-2049-5BD8-A20D-4287F474BF9B}.Debug|Any CPU.ActiveCfg = Debug|Any CPU
		{B404DD60-2049-5BD8-A20D-4287F474BF9B}.Debug|Any CPU.Build.0 = Debug|Any CPU
		{B404DD60-2049-5BD8-A20D-4287F474BF9B}.Release|Any CPU.ActiveCfg = Release|Any CPU
		{B404DD60-2049-5BD8-A20D-4287F474BF9B}.Release|Any CPU.Build.0 = Release|Any CPU
		{CF26368A-7964-B725-6BF3-D1805741595B}.Debug|Any CPU.ActiveCfg = Debug|Any CPU
		{CF26368A-7964-B725-6BF3-D1805741595B}.Debug|Any CPU.Build.0 = Debug|Any CPU
		{CF26368A-7964-B725-6BF3-D1805741595B}.Release|Any CPU.ActiveCfg = Release|Any CPU
		{CF26368A-7964-B725-6BF3-D1805741595B}.Release|Any CPU.Build.0 = Release|Any CPU
		{BAF6E58F-0981-6A72-E502-91F215D1BC2C}.Debug|Any CPU.ActiveCfg = Debug|Any CPU
		{BAF6E58F-0981-6A72-E502-91F215D1BC2C}.Debug|Any CPU.Build.0 = Debug|Any CPU
		{BAF6E58F-0981-6A72-E502-91F215D1BC2C}.Release|Any CPU.ActiveCfg = Release|Any CPU
		{BAF6E58F-0981-6A72-E502-91F215D1BC2C}.Release|Any CPU.Build.0 = Release|Any CPU
	EndGlobalSection
	GlobalSection(SolutionProperties) = preSolution
		HideSolutionNode = FALSE
	EndGlobalSection
EndGlobal
