
Microsoft Visual Studio Solution File, Format Version 12.00
# Visual Studio 15
Project("{FAE04EC0-301F-11D3-BF4B-00C04F79EFBC}") = "Assembly-CSharp", "Assembly-CSharp.csproj", "{4E948BD2-4E3B-7E09-E1CA-0CCC63248509}"
EndProject
Project("{FAE04EC0-301F-11D3-BF4B-00C04F79EFBC}") = "Assembly-CSharp-Editor", "Assembly-CSharp-Editor.csproj", "{FA3E862A-21DE-9A89-AD6F-519D2A08EBB9}"
EndProject
Project("{FAE04EC0-301F-11D3-BF4B-00C04F79EFBC}") = "GoogleMobileAds.Editor", "GoogleMobileAds.Editor.csproj", "{B404DD60-2049-5BD8-A20D-4287F474BF9B}"
EndProject
Global
	GlobalSection(SolutionConfigurationPlatforms) = preSolution
		Debug|Any CPU = Debug|Any CPU
		Release|Any CPU = Release|Any CPU
	EndGlobalSection
	GlobalSection(ProjectConfigurationPlatforms) = postSolution
		{4E948BD2-4E3B-7E09-E1CA-0CCC63248509}.Debug|Any CPU.ActiveCfg = Debug|Any CPU
		{4E948BD2-4E3B-7E09-E1CA-0CCC63248509}.Debug|Any CPU.Build.0 = Debug|Any CPU
		{4E948BD2-4E3B-7E09-E1CA-0CCC63248509}.Release|Any CPU.ActiveCfg = Release|Any CPU
		{4E948BD2-4E3B-7E09-E1CA-0CCC63248509}.Release|Any CPU.Build.0 = Release|Any CPU
		{FA3E862A-21DE-9A89-AD6F-519D2A08EBB9}.Debug|Any CPU.ActiveCfg = Debug|Any CPU
		{FA3E862A-21DE-9A89-AD6F-519D2A08EBB9}.Debug|Any CPU.Build.0 = Debug|Any CPU
		{FA3E862A-21DE-9A89-AD6F-519D2A08EBB9}.Release|Any CPU.ActiveCfg = Release|Any CPU
		{FA3E862A-21DE-9A89-AD6F-519D2A08EBB9}.Release|Any CPU.Build.0 = Release|Any CPU
		{B404DD60-2049-5BD8-A20D-4287F474BF9B}.Debug|Any CPU.ActiveCfg = Debug|Any CPU
		{B404DD60-2049-5BD8-A20D-4287F474BF9B}.Debug|Any CPU.Build.0 = Debug|Any CPU
		{B404DD60-2049-5BD8-A20D-4287F474BF9B}.Release|Any CPU.ActiveCfg = Release|Any CPU
		{B404DD60-2049-5BD8-A20D-4287F474BF9B}.Release|Any CPU.Build.0 = Release|Any CPU
	EndGlobalSection
	GlobalSection(SolutionProperties) = preSolution
		HideSolutionNode = FALSE
	EndGlobalSection
EndGlobal
