
Microsoft Visual Studio Solution File, Format Version 12.00
# Visual Studio 2015
Project("{FAE04EC0-301F-11D3-BF4B-00C04F79EFBC}") = "MonetizeSystem.Plugins", "MonetizeSystem.Plugins.csproj", "{46812745-0FCB-DBBC-EABC-0A086B2CB429}"
EndProject
Project("{FAE04EC0-301F-11D3-BF4B-00C04F79EFBC}") = "MonetizeSystem", "MonetizeSystem.csproj", "{696FAED1-C7C4-D087-AA74-9333B2FE158A}"
EndProject
Project("{FAE04EC0-301F-11D3-BF4B-00C04F79EFBC}") = "MonetizeSystem.Editor", "MonetizeSystem.Editor.csproj", "{63F6E376-CCB9-2286-88AD-174A5A4990E5}"
EndProject
Global
	GlobalSection(SolutionConfigurationPlatforms) = preSolution
		Debug|Any CPU = Debug|Any CPU
		Release|Any CPU = Release|Any CPU
	EndGlobalSection
	GlobalSection(ProjectConfigurationPlatforms) = postSolution
		{46812745-0FCB-DBBC-EABC-0A086B2CB429}.Debug|Any CPU.ActiveCfg = Debug|Any CPU
		{46812745-0FCB-DBBC-EABC-0A086B2CB429}.Debug|Any CPU.Build.0 = Debug|Any CPU
		{46812745-0FCB-DBBC-EABC-0A086B2CB429}.Release|Any CPU.ActiveCfg = Release|Any CPU
		{46812745-0FCB-DBBC-EABC-0A086B2CB429}.Release|Any CPU.Build.0 = Release|Any CPU
		{696FAED1-C7C4-D087-AA74-9333B2FE158A}.Debug|Any CPU.ActiveCfg = Debug|Any CPU
		{696FAED1-C7C4-D087-AA74-9333B2FE158A}.Debug|Any CPU.Build.0 = Debug|Any CPU
		{696FAED1-C7C4-D087-AA74-9333B2FE158A}.Release|Any CPU.ActiveCfg = Release|Any CPU
		{696FAED1-C7C4-D087-AA74-9333B2FE158A}.Release|Any CPU.Build.0 = Release|Any CPU
		{63F6E376-CCB9-2286-88AD-174A5A4990E5}.Debug|Any CPU.ActiveCfg = Debug|Any CPU
		{63F6E376-CCB9-2286-88AD-174A5A4990E5}.Debug|Any CPU.Build.0 = Debug|Any CPU
		{63F6E376-CCB9-2286-88AD-174A5A4990E5}.Release|Any CPU.ActiveCfg = Release|Any CPU
		{63F6E376-CCB9-2286-88AD-174A5A4990E5}.Release|Any CPU.Build.0 = Release|Any CPU
	EndGlobalSection
	GlobalSection(SolutionProperties) = preSolution
		HideSolutionNode = FALSE
	EndGlobalSection
EndGlobal
