# This is a Gradle generated file for dependency locking.
# Manual edits can break the build and are not advised.
# This file is expected to be part of source control.
androidx.activity:activity:1.0.0
androidx.annotation:annotation-experimental:1.1.0
androidx.annotation:annotation:1.5.0
androidx.appcompat:appcompat-resources:1.2.0
androidx.appcompat:appcompat:1.2.0
androidx.arch.core:core-common:2.1.0
androidx.arch.core:core-runtime:2.1.0
androidx.browser:browser:1.4.0
androidx.collection:collection:1.1.0
androidx.concurrent:concurrent-futures:1.0.0
androidx.core:core-ktx:1.7.0
androidx.core:core:1.7.0
androidx.cursoradapter:cursoradapter:1.0.0
androidx.customview:customview:1.0.0
androidx.drawerlayout:drawerlayout:1.0.0
androidx.fragment:fragment:1.1.0
androidx.interpolator:interpolator:1.0.0
androidx.lifecycle:lifecycle-common-java8:2.4.1
androidx.lifecycle:lifecycle-common:2.4.1
androidx.lifecycle:lifecycle-extensions:2.0.0
androidx.lifecycle:lifecycle-livedata-core:2.1.0
androidx.lifecycle:lifecycle-livedata:2.1.0
androidx.lifecycle:lifecycle-process:2.4.1
androidx.lifecycle:lifecycle-runtime:2.4.1
androidx.lifecycle:lifecycle-service:2.1.0
androidx.lifecycle:lifecycle-viewmodel:2.1.0
androidx.loader:loader:1.0.0
androidx.multidex:multidex:2.0.1
androidx.recyclerview:recyclerview:1.1.0
androidx.room:room-common:2.2.5
androidx.room:room-runtime:2.2.5
androidx.savedstate:savedstate:1.0.0
androidx.sqlite:sqlite-framework:2.1.0
androidx.sqlite:sqlite:2.1.0
androidx.startup:startup-runtime:1.1.1
androidx.tracing:tracing:1.0.0
androidx.transition:transition:1.2.0
androidx.vectordrawable:vectordrawable-animated:1.1.0
androidx.vectordrawable:vectordrawable:1.1.0
androidx.versionedparcelable:versionedparcelable:1.1.1
androidx.viewpager2:viewpager2:1.0.0
androidx.viewpager:viewpager:1.0.0
androidx.work:work-runtime:2.7.0
com.adcolony:sdk:4.8.0
com.android.installreferrer:installreferrer:2.2
com.applovin:applovin-sdk:11.6.1
com.google.ads.mediation:adcolony:4.8.0.0
com.google.ads.mediation:applovin:11.6.1.0
com.google.android.gms:play-services-ads-base:21.4.0
com.google.android.gms:play-services-ads-identifier:18.0.1
com.google.android.gms:play-services-ads-lite:21.4.0
com.google.android.gms:play-services-ads:21.4.0
com.google.android.gms:play-services-appset:16.0.2
com.google.android.gms:play-services-auth-api-phone:17.0.0
com.google.android.gms:play-services-auth-base:17.0.0
com.google.android.gms:play-services-auth:19.2.0
com.google.android.gms:play-services-base:18.0.1
com.google.android.gms:play-services-basement:18.0.0
com.google.android.gms:play-services-drive:17.0.0
com.google.android.gms:play-services-games:21.0.0
com.google.android.gms:play-services-measurement-base:20.1.2
com.google.android.gms:play-services-measurement-sdk-api:20.1.2
com.google.android.gms:play-services-nearby:18.0.0
com.google.android.gms:play-services-tasks:18.0.1
com.google.android.ump:user-messaging-platform:2.0.0
com.google.dagger:dagger:2.38
com.google.games:gpgs-plugin-support:0.10.14
com.google.guava:listenablefuture:1.0
com.google.protobuf:protobuf-javalite:3.19.3
com.squareup.okhttp3:okhttp:4.6.0
com.squareup.okio:okio:2.6.0
com.unity3d.ads:unity-ads:4.5.0
com.unity3d.mediation:mediation-adapter:1.1.0
com.unity3d.mediation:mediation-logger:1.1.0
com.unity3d.mediation:mediation-sdk:1.1.0
com.unity3d.mediation:unityads-adapter:1.1.0
com.unity3d.services.identifiers:unity-services-identifiers:1.0.0
com.yandex.android:mobileads:5.5.0
com.yandex.android:mobmetricalib-identifiers:5.0.0
com.yandex.android:mobmetricalib:5.0.0
com.yandex.div:assertion:14.0.0
com.yandex.div:beacon:14.0.0
com.yandex.div:div-core-views:14.0.0
com.yandex.div:div-core:14.0.0
com.yandex.div:div-data:14.0.0
com.yandex.div:div-evaluable:14.0.0
com.yandex.div:div-histogram:14.0.0
com.yandex.div:div-json:14.0.0
com.yandex.div:div-states:14.0.0
com.yandex.div:div:14.0.0
com.yandex.div:logging:14.0.0
com.yandex.div:utils:14.0.0
javax.inject:javax.inject:1
org.jetbrains.kotlin:kotlin-stdlib-common:1.7.10
org.jetbrains.kotlin:kotlin-stdlib-jdk7:1.6.10
org.jetbrains.kotlin:kotlin-stdlib-jdk8:1.6.10
org.jetbrains.kotlin:kotlin-stdlib:1.7.10
org.jetbrains.kotlinx:kotlinx-coroutines-android:1.4.3
org.jetbrains.kotlinx:kotlinx-coroutines-core-jvm:1.4.3
org.jetbrains.kotlinx:kotlinx-coroutines-core:1.4.3
org.jetbrains:annotations:13.0
